
Microsoft Visual Studio Solution File, Format Version 12.00
# Visual Studio 15
VisualStudioVersion = 15.0.28307.1321
MinimumVisualStudioVersion = 10.0.40219.1
Project("{F184B08F-C81C-45F6-A57F-5ABD9991F28F}") = "JANL.VB", "JANL.VB\JANL.VB.vbproj", "{5121D0BE-ADE2-426F-892B-4377962A85CC}"
EndProject
Project("{F184B08F-C81C-45F6-A57F-5ABD9991F28F}") = "TestWAT", "TestWAT\TestWAT.vbproj", "{FCC26B3B-2EF7-4749-9AAA-45A3A7ED2D0D}"
EndProject
Project("{2150E333-8FDC-42A3-9474-1A3956D46DE8}") = "Solution Items", "Solution Items", "{6A68D3F1-BEA7-4F0D-B261-9AD4BA49E6E0}"
	ProjectSection(SolutionItems) = preProject
		azure-pipelines.yml = azure-pipelines.yml
		CodeMaid.config = CodeMaid.config
		README.md = README.md
	EndProjectSection
EndProject
Project("{FAE04EC0-301F-11D3-BF4B-00C04F79EFBC}") = "JANL", "JANL\JANL.csproj", "{6EAF970D-B09F-41CC-B855-A5221757A9AE}"
	ProjectSection(ProjectDependencies) = postProject
		{5121D0BE-ADE2-426F-892B-4377962A85CC} = {5121D0BE-ADE2-426F-892B-4377962A85CC}
	EndProjectSection
EndProject
Project("{9A19103F-16F7-4668-BE54-9A1E7A4F7556}") = "JANL.Test", "JANL.Test\JANL.Test.csproj", "{DBBDE0A1-5503-4991-ABE6-84E6002AE0B2}"
	ProjectSection(ProjectDependencies) = postProject
		{6EAF970D-B09F-41CC-B855-A5221757A9AE} = {6EAF970D-B09F-41CC-B855-A5221757A9AE}
	EndProjectSection
EndProject
Global
	GlobalSection(SolutionConfigurationPlatforms) = preSolution
		Debug|Any CPU = Debug|Any CPU
		Release|Any CPU = Release|Any CPU
		ReleaseDebug|Any CPU = ReleaseDebug|Any CPU
	EndGlobalSection
	GlobalSection(ProjectConfigurationPlatforms) = postSolution
		{5121D0BE-ADE2-426F-892B-4377962A85CC}.Debug|Any CPU.ActiveCfg = Debug|Any CPU
		{5121D0BE-ADE2-426F-892B-4377962A85CC}.Debug|Any CPU.Build.0 = Debug|Any CPU
		{5121D0BE-ADE2-426F-892B-4377962A85CC}.Release|Any CPU.ActiveCfg = Release|Any CPU
		{5121D0BE-ADE2-426F-892B-4377962A85CC}.Release|Any CPU.Build.0 = Release|Any CPU
		{5121D0BE-ADE2-426F-892B-4377962A85CC}.ReleaseDebug|Any CPU.ActiveCfg = Release|Any CPU
		{5121D0BE-ADE2-426F-892B-4377962A85CC}.ReleaseDebug|Any CPU.Build.0 = Release|Any CPU
		{FCC26B3B-2EF7-4749-9AAA-45A3A7ED2D0D}.Debug|Any CPU.ActiveCfg = Debug|Any CPU
		{FCC26B3B-2EF7-4749-9AAA-45A3A7ED2D0D}.Debug|Any CPU.Build.0 = Debug|Any CPU
		{FCC26B3B-2EF7-4749-9AAA-45A3A7ED2D0D}.Release|Any CPU.ActiveCfg = Release|Any CPU
		{FCC26B3B-2EF7-4749-9AAA-45A3A7ED2D0D}.ReleaseDebug|Any CPU.ActiveCfg = Release|Any CPU
		{FCC26B3B-2EF7-4749-9AAA-45A3A7ED2D0D}.ReleaseDebug|Any CPU.Build.0 = Release|Any CPU
		{6EAF970D-B09F-41CC-B855-A5221757A9AE}.Debug|Any CPU.ActiveCfg = Debug|Any CPU
		{6EAF970D-B09F-41CC-B855-A5221757A9AE}.Debug|Any CPU.Build.0 = Debug|Any CPU
		{6EAF970D-B09F-41CC-B855-A5221757A9AE}.Release|Any CPU.ActiveCfg = Release|Any CPU
		{6EAF970D-B09F-41CC-B855-A5221757A9AE}.Release|Any CPU.Build.0 = Release|Any CPU
		{6EAF970D-B09F-41CC-B855-A5221757A9AE}.ReleaseDebug|Any CPU.ActiveCfg = Release|Any CPU
		{6EAF970D-B09F-41CC-B855-A5221757A9AE}.ReleaseDebug|Any CPU.Build.0 = Release|Any CPU
		{DBBDE0A1-5503-4991-ABE6-84E6002AE0B2}.Debug|Any CPU.ActiveCfg = Debug|Any CPU
		{DBBDE0A1-5503-4991-ABE6-84E6002AE0B2}.Debug|Any CPU.Build.0 = Debug|Any CPU
		{DBBDE0A1-5503-4991-ABE6-84E6002AE0B2}.Release|Any CPU.ActiveCfg = Release|Any CPU
		{DBBDE0A1-5503-4991-ABE6-84E6002AE0B2}.Release|Any CPU.Build.0 = Release|Any CPU
		{DBBDE0A1-5503-4991-ABE6-84E6002AE0B2}.ReleaseDebug|Any CPU.ActiveCfg = Release|Any CPU
		{DBBDE0A1-5503-4991-ABE6-84E6002AE0B2}.ReleaseDebug|Any CPU.Build.0 = Release|Any CPU
	EndGlobalSection
	GlobalSection(SolutionProperties) = preSolution
		HideSolutionNode = FALSE
	EndGlobalSection
	GlobalSection(ExtensibilityGlobals) = postSolution
		SolutionGuid = {19DDEBFC-555F-4EB4-8EAA-A75E7AF793CA}
	EndGlobalSection
EndGlobal
